
Microsoft Visual Studio Solution File, Format Version 12.00
# Visual Studio Version 16
VisualStudioVersion = 16.0.31313.79
MinimumVisualStudioVersion = 10.0.40219.1
Project("{8BC9CEB8-8B4A-11D0-8D11-00A0C91BC942}") = "Program3_definingVariables", "Program3_definingVariables.vcxproj", "{16961DE3-FE12-4B22-A356-761E025FC6D9}"
EndProject
Global
	GlobalSection(SolutionConfigurationPlatforms) = preSolution
		Debug|x64 = Debug|x64
		Debug|x86 = Debug|x86
		Release|x64 = Release|x64
		Release|x86 = Release|x86
	EndGlobalSection
	GlobalSection(ProjectConfigurationPlatforms) = postSolution
		{16961DE3-FE12-4B22-A356-761E025FC6D9}.Debug|x64.ActiveCfg = Debug|x64
		{16961DE3-FE12-4B22-A356-761E025FC6D9}.Debug|x64.Build.0 = Debug|x64
		{16961DE3-FE12-4B22-A356-761E025FC6D9}.Debug|x86.ActiveCfg = Debug|Win32
		{16961DE3-FE12-4B22-A356-761E025FC6D9}.Debug|x86.Build.0 = Debug|Win32
		{16961DE3-FE12-4B22-A356-761E025FC6D9}.Release|x64.ActiveCfg = Release|x64
		{16961DE3-FE12-4B22-A356-761E025FC6D9}.Release|x64.Build.0 = Release|x64
		{16961DE3-FE12-4B22-A356-761E025FC6D9}.Release|x86.ActiveCfg = Release|Win32
		{16961DE3-FE12-4B22-A356-761E025FC6D9}.Release|x86.Build.0 = Release|Win32
	EndGlobalSection
	GlobalSection(SolutionProperties) = preSolution
		HideSolutionNode = FALSE
	EndGlobalSection
	GlobalSection(ExtensibilityGlobals) = postSolution
		SolutionGuid = {9CD28C46-9F7F-415C-8F3B-A99093A3B18D}
	EndGlobalSection
EndGlobal
