
Microsoft Visual Studio Solution File, Format Version 12.00
# Visual Studio Version 16
VisualStudioVersion = 16.0.31313.79
MinimumVisualStudioVersion = 10.0.40219.1
Project("{8BC9CEB8-8B4A-11D0-8D11-00A0C91BC942}") = "Program16_EarlyExit", "Program16_EarlyExit.vcxproj", "{46F02973-6609-42E2-9457-0C1297B2E8AC}"
EndProject
Global
	GlobalSection(SolutionConfigurationPlatforms) = preSolution
		Debug|x64 = Debug|x64
		Debug|x86 = Debug|x86
		Release|x64 = Release|x64
		Release|x86 = Release|x86
	EndGlobalSection
	GlobalSection(ProjectConfigurationPlatforms) = postSolution
		{46F02973-6609-42E2-9457-0C1297B2E8AC}.Debug|x64.ActiveCfg = Debug|x64
		{46F02973-6609-42E2-9457-0C1297B2E8AC}.Debug|x64.Build.0 = Debug|x64
		{46F02973-6609-42E2-9457-0C1297B2E8AC}.Debug|x86.ActiveCfg = Debug|Win32
		{46F02973-6609-42E2-9457-0C1297B2E8AC}.Debug|x86.Build.0 = Debug|Win32
		{46F02973-6609-42E2-9457-0C1297B2E8AC}.Release|x64.ActiveCfg = Release|x64
		{46F02973-6609-42E2-9457-0C1297B2E8AC}.Release|x64.Build.0 = Release|x64
		{46F02973-6609-42E2-9457-0C1297B2E8AC}.Release|x86.ActiveCfg = Release|Win32
		{46F02973-6609-42E2-9457-0C1297B2E8AC}.Release|x86.Build.0 = Release|Win32
	EndGlobalSection
	GlobalSection(SolutionProperties) = preSolution
		HideSolutionNode = FALSE
	EndGlobalSection
	GlobalSection(ExtensibilityGlobals) = postSolution
		SolutionGuid = {35B47ABC-8EE7-4651-B98A-83DF2D32EF6F}
	EndGlobalSection
EndGlobal
